
Microsoft Visual Studio Solution File, Format Version 12.00
# Visual Studio Version 17
VisualStudioVersion = 17.1.32421.90
MinimumVisualStudioVersion = 10.0.40219.1
Project("{FAE04EC0-301F-11D3-BF4B-00C04F79EFBC}") = "sinav", "sinav\sinav.csproj", "{307C987A-564D-4966-B111-7E96805585D1}"
EndProject
Global
	GlobalSection(SolutionConfigurationPlatforms) = preSolution
		Debug|Any CPU = Debug|Any CPU
		Release|Any CPU = Release|Any CPU
	EndGlobalSection
	GlobalSection(ProjectConfigurationPlatforms) = postSolution
		{307C987A-564D-4966-B111-7E96805585D1}.Debug|Any CPU.ActiveCfg = Debug|Any CPU
		{307C987A-564D-4966-B111-7E96805585D1}.Debug|Any CPU.Build.0 = Debug|Any CPU
		{307C987A-564D-4966-B111-7E96805585D1}.Release|Any CPU.ActiveCfg = Release|Any CPU
		{307C987A-564D-4966-B111-7E96805585D1}.Release|Any CPU.Build.0 = Release|Any CPU
	EndGlobalSection
	GlobalSection(SolutionProperties) = preSolution
		HideSolutionNode = FALSE
	EndGlobalSection
	GlobalSection(ExtensibilityGlobals) = postSolution
		SolutionGuid = {91A26EA1-546A-4465-8612-E7EF280276C3}
	EndGlobalSection
EndGlobal
